// !$*UTF8*$!
{
	archiveVersion = 1;
	classes = {
	};
	objectVersion = 46;
	objects = {

/* Begin PBXBuildFile section */
		7DD39D171DB5C94300569D45 /* AppDelegate.swift in Sources */ = {isa = PBXBuildFile; fileRef = 7DD39D161DB5C94300569D45 /* AppDelegate.swift */; };
		7DD39D191DB5C94300569D45 /* GameScene.sks in Resources */ = {isa = PBXBuildFile; fileRef = 7DD39D181DB5C94300569D45 /* GameScene.sks */; };
		7DD39D1B1DB5C94300569D45 /* Actions.sks in Resources */ = {isa = PBXBuildFile; fileRef = 7DD39D1A1DB5C94300569D45 /* Actions.sks */; };
		7DD39D1D1DB5C94300569D45 /* GameScene.swift in Sources */ = {isa = PBXBuildFile; fileRef = 7DD39D1C1DB5C94300569D45 /* GameScene.swift */; };
		7DD39D1F1DB5C94300569D45 /* GameViewController.swift in Sources */ = {isa = PBXBuildFile; fileRef = 7DD39D1E1DB5C94300569D45 /* GameViewController.swift */; };
		7DD39D221DB5C94300569D45 /* Main.storyboard in Resources */ = {isa = PBXBuildFile; fileRef = 7DD39D201DB5C94300569D45 /* Main.storyboard */; };
		7DD39D241DB5C94300569D45 /* Assets.xcassets in Resources */ = {isa = PBXBuildFile; fileRef = 7DD39D231DB5C94300569D45 /* Assets.xcassets */; };
		7DD39D271DB5C94300569D45 /* LaunchScreen.storyboard in Resources */ = {isa = PBXBuildFile; fileRef = 7DD39D251DB5C94300569D45 /* LaunchScreen.storyboard */; };
/* End PBXBuildFile section */

/* Begin PBXFileReference section */
		7DD39D131DB5C94300569D45 /* Friendly Bashers.app */ = {isa = PBXFileReference; explicitFileType = wrapper.application; includeInIndex = 0; path = "Friendly Bashers.app"; sourceTree = BUILT_PRODUCTS_DIR; };
		7DD39D161DB5C94300569D45 /* AppDelegate.swift */ = {isa = PBXFileReference; lastKnownFileType = sourcecode.swift; path = AppDelegate.swift; sourceTree = "<group>"; };
		7DD39D181DB5C94300569D45 /* GameScene.sks */ = {isa = PBXFileReference; lastKnownFileType = file.sks; path = GameScene.sks; sourceTree = "<group>"; };
		7DD39D1A1DB5C94300569D45 /* Actions.sks */ = {isa = PBXFileReference; lastKnownFileType = file.sks; path = Actions.sks; sourceTree = "<group>"; };
		7DD39D1C1DB5C94300569D45 /* GameScene.swift */ = {isa = PBXFileReference; lastKnownFileType = sourcecode.swift; path = GameScene.swift; sourceTree = "<group>"; };
		7DD39D1E1DB5C94300569D45 /* GameViewController.swift */ = {isa = PBXFileReference; lastKnownFileType = sourcecode.swift; path = GameViewController.swift; sourceTree = "<group>"; };
		7DD39D211DB5C94300569D45 /* Base */ = {isa = PBXFileReference; lastKnownFileType = file.storyboard; name = Base; path = Base.lproj/Main.storyboard; sourceTree = "<group>"; };
		7DD39D231DB5C94300569D45 /* Assets.xcassets */ = {isa = PBXFileReference; lastKnownFileType = folder.assetcatalog; path = Assets.xcassets; sourceTree = "<group>"; };
		7DD39D261DB5C94300569D45 /* Base */ = {isa = PBXFileReference; lastKnownFileType = file.storyboard; name = Base; path = Base.lproj/LaunchScreen.storyboard; sourceTree = "<group>"; };
		7DD39D281DB5C94300569D45 /* Info.plist */ = {isa = PBXFileReference; lastKnownFileType = text.plist.xml; path = Info.plist; sourceTree = "<group>"; };
/* End PBXFileReference section */

/* Begin PBXFrameworksBuildPhase section */
		7DD39D101DB5C94300569D45 /* Frameworks */ = {
			isa = PBXFrameworksBuildPhase;
			buildActionMask = 2147483647;
			files = (
			);
			runOnlyForDeploymentPostprocessing = 0;
		};
/* End PBXFrameworksBuildPhase section */

/* Begin PBXGroup section */
		7DD39D0A1DB5C94300569D45 = {
			isa = PBXGroup;
			children = (
				7DD39D151DB5C94300569D45 /* Friendly Bashers */,
				7DD39D141DB5C94300569D45 /* Products */,
			);
			sourceTree = "<group>";
		};
		7DD39D141DB5C94300569D45 /* Products */ = {
			isa = PBXGroup;
			children = (
				7DD39D131DB5C94300569D45 /* Friendly Bashers.app */,
			);
			name = Products;
			sourceTree = "<group>";
		};
		7DD39D151DB5C94300569D45 /* Friendly Bashers */ = {
			isa = PBXGroup;
			children = (
				7DD39D161DB5C94300569D45 /* AppDelegate.swift */,
				7DD39D181DB5C94300569D45 /* GameScene.sks */,
				7DD39D1A1DB5C94300569D45 /* Actions.sks */,
				7DD39D1C1DB5C94300569D45 /* GameScene.swift */,
				7DD39D1E1DB5C94300569D45 /* GameViewController.swift */,
				7DD39D201DB5C94300569D45 /* Main.storyboard */,
				7DD39D231DB5C94300569D45 /* Assets.xcassets */,
				7DD39D251DB5C94300569D45 /* LaunchScreen.storyboard */,
				7DD39D281DB5C94300569D45 /* Info.plist */,
			);
			path = "Friendly Bashers";
			sourceTree = "<group>";
		};
/* End PBXGroup section */

/* Begin PBXNativeTarget section */
		7DD39D121DB5C94300569D45 /* Friendly Bashers */ = {
			isa = PBXNativeTarget;
			buildConfigurationList = 7DD39D2B1DB5C94300569D45 /* Build configuration list for PBXNativeTarget "Friendly Bashers" */;
			buildPhases = (
				7DD39D0F1DB5C94300569D45 /* Sources */,
				7DD39D101DB5C94300569D45 /* Frameworks */,
				7DD39D111DB5C94300569D45 /* Resources */,
			);
			buildRules = (
			);
			dependencies = (
			);
			name = "Friendly Bashers";
			productName = "Friendly Bashers";
			productReference = 7DD39D131DB5C94300569D45 /* Friendly Bashers.app */;
			productType = "com.apple.product-type.application";
		};
/* End PBXNativeTarget section */

/* Begin PBXProject section */
		7DD39D0B1DB5C94300569D45 /* Project object */ = {
			isa = PBXProject;
			attributes = {
				LastSwiftUpdateCheck = 0800;
				LastUpgradeCheck = 0800;
				ORGANIZATIONNAME = "Bryan Mazariegos";
				TargetAttributes = {
					7DD39D121DB5C94300569D45 = {
						CreatedOnToolsVersion = 8.0;
						DevelopmentTeam = N4MWNVQDSJ;
						ProvisioningStyle = Automatic;
					};
				};
			};
			buildConfigurationList = 7DD39D0E1DB5C94300569D45 /* Build configuration list for PBXProject "Friendly Bashers" */;
			compatibilityVersion = "Xcode 3.2";
			developmentRegion = English;
			hasScannedForEncodings = 0;
			knownRegions = (
				en,
				Base,
			);
			mainGroup = 7DD39D0A1DB5C94300569D45;
			productRefGroup = 7DD39D141DB5C94300569D45 /* Products */;
			projectDirPath = "";
			projectRoot = "";
			targets = (
				7DD39D121DB5C94300569D45 /* Friendly Bashers */,
			);
		};
/* End PBXProject section */

/* Begin PBXResourcesBuildPhase section */
		7DD39D111DB5C94300569D45 /* Resources */ = {
			isa = PBXResourcesBuildPhase;
			buildActionMask = 2147483647;
			files = (
				7DD39D221DB5C94300569D45 /* Main.storyboard in Resources */,
				7DD39D191DB5C94300569D45 /* GameScene.sks in Resources */,
				7DD39D241DB5C94300569D45 /* Assets.xcassets in Resources */,
				7DD39D271DB5C94300569D45 /* LaunchScreen.storyboard in Resources */,
				7DD39D1B1DB5C94300569D45 /* Actions.sks in Resources */,
			);
			runOnlyForDeploymentPostprocessing = 0;
		};
/* End PBXResourcesBuildPhase section */

/* Begin PBXSourcesBuildPhase section */
		7DD39D0F1DB5C94300569D45 /* Sources */ = {
			isa = PBXSourcesBuildPhase;
			buildActionMask = 2147483647;
			files = (
				7DD39D1D1DB5C94300569D45 /* GameScene.swift in Sources */,
				7DD39D1F1DB5C94300569D45 /* GameViewController.swift in Sources */,
				7DD39D171DB5C94300569D45 /* AppDelegate.swift in Sources */,
			);
			runOnlyForDeploymentPostprocessing = 0;
		};
/* End PBXSourcesBuildPhase section */

/* Begin PBXVariantGroup section */
		7DD39D201DB5C94300569D45 /* Main.storyboard */ = {
			isa = PBXVariantGroup;
			children = (
				7DD39D211DB5C94300569D45 /* Base */,
			);
			name = Main.storyboard;
			sourceTree = "<group>";
		};
		7DD39D251DB5C94300569D45 /* LaunchScreen.storyboard */ = {
			isa = PBXVariantGroup;
			children = (
				7DD39D261DB5C94300569D45 /* Base */,
			);
			name = LaunchScreen.storyboard;
			sourceTree = "<group>";
		};
/* End PBXVariantGroup section */

/* Begin XCBuildConfiguration section */
		7DD39D291DB5C94300569D45 /* Debug */ = {
			isa = XCBuildConfiguration;
			buildSettings = {
				ALWAYS_SEARCH_USER_PATHS = NO;
				CLANG_ANALYZER_NONNULL = YES;
				CLANG_CXX_LANGUAGE_STANDARD = "gnu++0x";
				CLANG_CXX_LIBRARY = "libc++";
				CLANG_ENABLE_MODULES = YES;
				CLANG_ENABLE_OBJC_ARC = YES;
				CLANG_WARN_BOOL_CONVERSION = YES;
				CLANG_WARN_CONSTANT_CONVERSION = YES;
				CLANG_WARN_DIRECT_OBJC_ISA_USAGE = YES_ERROR;
				CLANG_WARN_DOCUMENTATION_COMMENTS = YES;
				CLANG_WARN_EMPTY_BODY = YES;
				CLANG_WARN_ENUM_CONVERSION = YES;
				CLANG_WARN_INFINITE_RECURSION = YES;
				CLANG_WARN_INT_CONVERSION = YES;
				CLANG_WARN_OBJC_ROOT_CLASS = YES_ERROR;
				CLANG_WARN_SUSPICIOUS_MOVES = YES;
				CLANG_WARN_UNREACHABLE_CODE = YES;
				CLANG_WARN__DUPLICATE_METHOD_MATCH = YES;
				"CODE_SIGN_IDENTITY[sdk=iphoneos*]" = "iPhone Developer";
				COPY_PHASE_STRIP = NO;
				DEBUG_INFORMATION_FORMAT = dwarf;
				ENABLE_STRICT_OBJC_MSGSEND = YES;
				ENABLE_TESTABILITY = YES;
				GCC_C_LANGUAGE_STANDARD = gnu99;
				GCC_DYNAMIC_NO_PIC = NO;
				GCC_NO_COMMON_BLOCKS = YES;
				GCC_OPTIMIZATION_LEVEL = 0;
				GCC_PREPROCESSOR_DEFINITIONS = (
					"DEBUG=1",
					"$(inherited)",
				);
				GCC_WARN_64_TO_32_BIT_CONVERSION = YES;
				GCC_WARN_ABOUT_RETURN_TYPE = YES_ERROR;
				GCC_WARN_UNDECLARED_SELECTOR = YES;
				GCC_WARN_UNINITIALIZED_AUTOS = YES_AGGRESSIVE;
				GCC_WARN_UNUSED_FUNCTION = YES;
				GCC_WARN_UNUSED_VARIABLE = YES;
				IPHONEOS_DEPLOYMENT_TARGET = 10.0;
				MTL_ENABLE_DEBUG_INFO = YES;
				ONLY_ACTIVE_ARCH = YES;
				SDKROOT = iphoneos;
				SWIFT_ACTIVE_COMPILATION_CONDITIONS = DEBUG;
				SWIFT_OPTIMIZATION_LEVEL = "-Onone";
				TARGETED_DEVICE_FAMILY = "1,2";
			};
			name = Debug;
		};
		7DD39D2A1DB5C94300569D45 /* Release */ = {
			isa = XCBuildConfiguration;
			buildSettings = {
				ALWAYS_SEARCH_USER_PATHS = NO;
				CLANG_ANALYZER_NONNULL = YES;
				CLANG_CXX_LANGUAGE_STANDARD = "gnu++0x";
				CLANG_CXX_LIBRARY = "libc++";
				CLANG_ENABLE_MODULES = YES;
				CLANG_ENABLE_OBJC_ARC = YES;
				CLANG_WARN_BOOL_CONVERSION = YES;
				CLANG_WARN_CONSTANT_CONVERSION = YES;
				CLANG_WARN_DIRECT_OBJC_ISA_USAGE = YES_ERROR;
				CLANG_WARN_DOCUMENTATION_COMMENTS = YES;
				CLANG_WARN_EMPTY_BODY = YES;
				CLANG_WARN_ENUM_CONVERSION = YES;
				CLANG_WARN_INFINITE_RECURSION = YES;
				CLANG_WARN_INT_CONVERSION = YES;
				CLANG_WARN_OBJC_ROOT_CLASS = YES_ERROR;
				CLANG_WARN_SUSPICIOUS_MOVES = YES;
				CLANG_WARN_UNREACHABLE_CODE = YES;
				CLANG_WARN__DUPLICATE_METHOD_MATCH = YES;
				"CODE_SIGN_IDENTITY[sdk=iphoneos*]" = "iPhone Developer";
				COPY_PHASE_STRIP = NO;
				DEBUG_INFORMATION_FORMAT = "dwarf-with-dsym";
				ENABLE_NS_ASSERTIONS = NO;
				ENABLE_STRICT_OBJC_MSGSEND = YES;
				GCC_C_LANGUAGE_STANDARD = gnu99;
				GCC_NO_COMMON_BLOCKS = YES;
				GCC_WARN_64_TO_32_BIT_CONVERSION = YES;
				GCC_WARN_ABOUT_RETURN_TYPE = YES_ERROR;
				GCC_WARN_UNDECLARED_SELECTOR = YES;
				GCC_WARN_UNINITIALIZED_AUTOS = YES_AGGRESSIVE;
				GCC_WARN_UNUSED_FUNCTION = YES;
				GCC_WARN_UNUSED_VARIABLE = YES;
				IPHONEOS_DEPLOYMENT_TARGET = 10.0;
				MTL_ENABLE_DEBUG_INFO = NO;
				SDKROOT = iphoneos;
				SWIFT_OPTIMIZATION_LEVEL = "-Owholemodule";
				TARGETED_DEVICE_FAMILY = "1,2";
				VALIDATE_PRODUCT = YES;
			};
			name = Release;
		};
		7DD39D2C1DB5C94300569D45 /* Debug */ = {
			isa = XCBuildConfiguration;
			buildSettings = {
				ASSETCATALOG_COMPILER_APPICON_NAME = AppIcon;
				DEVELOPMENT_TEAM = N4MWNVQDSJ;
				INFOPLIST_FILE = "Friendly Bashers/Info.plist";
				IPHONEOS_DEPLOYMENT_TARGET = 10.0;
				LD_RUNPATH_SEARCH_PATHS = "$(inherited) @executable_path/Frameworks";
				PRODUCT_BUNDLE_IDENTIFIER = "com.Mazariegos.Friendly-Bashers";
				PRODUCT_NAME = "$(TARGET_NAME)";
				SWIFT_VERSION = 3.0;
			};
			name = Debug;
		};
		7DD39D2D1DB5C94300569D45 /* Release */ = {
			isa = XCBuildConfiguration;
			buildSettings = {
				ASSETCATALOG_COMPILER_APPICON_NAME = AppIcon;
				DEVELOPMENT_TEAM = N4MWNVQDSJ;
				INFOPLIST_FILE = "Friendly Bashers/Info.plist";
				IPHONEOS_DEPLOYMENT_TARGET = 10.0;
				LD_RUNPATH_SEARCH_PATHS = "$(inherited) @executable_path/Frameworks";
				PRODUCT_BUNDLE_IDENTIFIER = "com.Mazariegos.Friendly-Bashers";
				PRODUCT_NAME = "$(TARGET_NAME)";
				SWIFT_VERSION = 3.0;
			};
			name = Release;
		};
/* End XCBuildConfiguration section */

/* Begin XCConfigurationList section */
		7DD39D0E1DB5C94300569D45 /* Build configuration list for PBXProject "Friendly Bashers" */ = {
			isa = XCConfigurationList;
			buildConfigurations = (
				7DD39D291DB5C94300569D45 /* Debug */,
				7DD39D2A1DB5C94300569D45 /* Release */,
			);
			defaultConfigurationIsVisible = 0;
			defaultConfigurationName = Release;
		};
		7DD39D2B1DB5C94300569D45 /* Build configuration list for PBXNativeTarget "Friendly Bashers" */ = {
			isa = XCConfigurationList;
			buildConfigurations = (
				7DD39D2C1DB5C94300569D45 /* Debug */,
				7DD39D2D1DB5C94300569D45 /* Release */,
			);
			defaultConfigurationIsVisible = 0;
		};
/* End XCConfigurationList section */
	};
	rootObject = 7DD39D0B1DB5C94300569D45 /* Project object */;
}
